{
  "name": "npmstopwatchpackagetest",
  "version": "1.0.0",
  "lockfileVersion": 2,
  "requires": true,
  "packages": {
    "": {
      "name": "npmstopwatchpackagetest",
      "version": "1.0.0",
      "license": "ISC",
      "dependencies": {
        "@slime/stopwatch": "^1.2.0",
        "typescript": "^4.9.3"
      }
    },
    "node_modules/@slime/stopwatch": {
      "version": "1.2.0",
      "resolved": "https://registry.npmjs.org/@slime/stopwatch/-/stopwatch-1.2.0.tgz",
      "integrity": "sha512-e+EMTC1CNNGDQOP+/0F0hF/CteUBwQ7VhZ85c+QrnE0AjihVZ3sNSdHq423qKHFhSWC8DOveGrgaKacJ+D04JQ=="
    },
    "node_modules/typescript": {
      "version": "4.9.3",
      "resolved": "https://registry.npmjs.org/typescript/-/typescript-4.9.3.tgz",
      "integrity": "sha512-CIfGzTelbKNEnLpLdGFgdyKhG23CKdKgQPOBc+OUNrkJ2vr+KSzsSV5kq5iWhEQbok+quxgGzrAtGWCyU7tHnA==",
      "bin": {
        "tsc": "bin/tsc",
        "tsserver": "bin/tsserver"
      },
      "engines": {
        "node": ">=4.2.0"
      }
    }
  },
  "dependencies": {
    "@slime/stopwatch": {
      "version": "1.2.0",
      "resolved": "https://registry.npmjs.org/@slime/stopwatch/-/stopwatch-1.2.0.tgz",
      "integrity": "sha512-e+EMTC1CNNGDQOP+/0F0hF/CteUBwQ7VhZ85c+QrnE0AjihVZ3sNSdHq423qKHFhSWC8DOveGrgaKacJ+D04JQ=="
    },
    "typescript": {
      "version": "4.9.3",
      "resolved": "https://registry.npmjs.org/typescript/-/typescript-4.9.3.tgz",
      "integrity": "sha512-CIfGzTelbKNEnLpLdGFgdyKhG23CKdKgQPOBc+OUNrkJ2vr+KSzsSV5kq5iWhEQbok+quxgGzrAtGWCyU7tHnA=="
    }
  }
}
